<Solution>
  <Folder Name="/01/">
    <Project Path="IsNumerOddOrNot/IsNumerOddOrNot.csproj" Id="8e9b1878-d3c5-4306-a5f7-bbd65279979c" />
  </Folder>
  <Folder Name="/02/">
    <Project Path="TheGreathestNumber/TheGreathestNumber.csproj" Id="3dbd47b2-df9b-4ea0-9716-f9fee0f692a0" />
  </Folder>
  <Folder Name="/03/">
    <Project Path="SortNumbers/SortNumbers.csproj" Id="a975bf54-fbf2-41c3-8b03-36a7fc575baf" />
  </Folder>
  <Folder Name="/04/">
    <Project Path="IsMultipleOfAnother/IsMultipleOfAnother.csproj" Id="3b2e0800-52d2-45cf-a4ea-dd7b007e965f" />
  </Folder>
  <Folder Name="/05/">
    <Project Path="IsLeapYear/IsLeapYear.csproj" Id="478c5ad2-76b0-43d3-a042-ccc9a944d3e1" />
  </Folder>
  <Folder Name="/06/">
    <Project Path="SimplePayroll/SimplePayroll.csproj" Id="d54fa509-8a2c-46d4-96a4-34c9c3d79148" />
  </Folder>
  <Folder Name="/07/">
    <Project Path="Discounts/Discounts.csproj" Id="d28ff469-c720-4d80-9847-c52f8366ddf0" />
  </Folder>
  <Folder Name="/08/">
    <Project Path="RegistrationValue/RegistrationValue.csproj" Id="38a55589-a81f-41e2-adf8-a50e86833ad5" />
  </Folder>
  <Folder Name="/09/">
    <Project Path="Shipping/Shipping.csproj" Id="85e1c227-20dd-429c-9186-b1efdf03d17e" />
  </Folder>
  <Folder Name="/Shared/">
    <Project Path="Shared/Shared.csproj" Id="3cd7ec7b-efb4-42c8-8fa3-539f4c08fd57" />
  </Folder>
</Solution>
