<Solution>
  <Folder Name="/01/">
    <Project Path="IsNumerOddOrNot/IsNumerOddOrNot.csproj" Id="8e9b1878-d3c5-4306-a5f7-bbd65279979c" />
  </Folder>
  <Folder Name="/02/">
    <Project Path="TheGreathestNumber/TheGreathestNumber.csproj" Id="3dbd47b2-df9b-4ea0-9716-f9fee0f692a0" />
  </Folder>
  <Folder Name="/03/">
    <Project Path="SortNumbers/SortNumbers.csproj" Id="a975bf54-fbf2-41c3-8b03-36a7fc575baf" />
  </Folder>
  <Folder Name="/04/">
    <Project Path="IsMultipleOfAnother/IsMultipleOfAnother.csproj" Id="3b2e0800-52d2-45cf-a4ea-dd7b007e965f" />
  </Folder>
  <Folder Name="/05/">
    <Project Path="IsLeapYear/IsLeapYear.csproj" Id="478c5ad2-76b0-43d3-a042-ccc9a944d3e1" />
  </Folder>
  <Folder Name="/Shared/">
    <Project Path="Shared/Shared.csproj" Id="3cd7ec7b-efb4-42c8-8fa3-539f4c08fd57" />
  </Folder>
</Solution>
